
Microsoft Visual Studio Solution File, Format Version 12.00
# Visual Studio Version 17
VisualStudioVersion = 17.7.34003.232
MinimumVisualStudioVersion = 10.0.40219.1
Project("{FAE04EC0-301F-11D3-BF4B-00C04F79EFBC}") = "Produto", "Produto\Produto.csproj", "{D908FDB2-D284-45F2-B8CF-85AF9112C101}"
EndProject
Global
	GlobalSection(SolutionConfigurationPlatforms) = preSolution
		Debug|Any CPU = Debug|Any CPU
		Release|Any CPU = Release|Any CPU
	EndGlobalSection
	GlobalSection(ProjectConfigurationPlatforms) = postSolution
		{D908FDB2-D284-45F2-B8CF-85AF9112C101}.Debug|Any CPU.ActiveCfg = Debug|Any CPU
		{D908FDB2-D284-45F2-B8CF-85AF9112C101}.Debug|Any CPU.Build.0 = Debug|Any CPU
		{D908FDB2-D284-45F2-B8CF-85AF9112C101}.Release|Any CPU.ActiveCfg = Release|Any CPU
		{D908FDB2-D284-45F2-B8CF-85AF9112C101}.Release|Any CPU.Build.0 = Release|Any CPU
	EndGlobalSection
	GlobalSection(SolutionProperties) = preSolution
		HideSolutionNode = FALSE
	EndGlobalSection
	GlobalSection(ExtensibilityGlobals) = postSolution
		SolutionGuid = {F5A68A4F-019D-4BB9-8F86-E832E44F61EE}
	EndGlobalSection
EndGlobal
